# THIS IS AN AUTOGENERATED FILE. DO NOT EDIT THIS FILE DIRECTLY.
# yarn lockfile v1


"@types/gaussian@1.2.2":
  version "1.2.2"
  resolved "https://registry.yarnpkg.com/@types/gaussian/-/gaussian-1.2.2.tgz#99b1a7fda58acb12b0941653b4f4c22e86b9df8b"
  integrity sha512-FLlJb9oGcoq0xVaAmn5ytZWeEO4M7nfudewzqL6FxUUYLR5FB+hEzSYAsuhX7H7M6Mw/Z0rLbIVbQkMqHlRS7g==

"@types/ramda@0.30.1":
  version "0.30.1"
  resolved "https://registry.yarnpkg.com/@types/ramda/-/ramda-0.30.1.tgz#316257fec12747bb39a2e921df48a9dcb8c164a9"
  integrity sha512-aoyF/ADPL6N+/NXXfhPWF+Qj6w1Cql59m9wX0Gi15uyF+bpzXeLd63HPdiTDE2bmLXfNcVufsDPKmbfOrOzTBA==
  dependencies:
    types-ramda "^0.30.1"

gaussian@1.3.0:
  version "1.3.0"
  resolved "https://registry.yarnpkg.com/gaussian/-/gaussian-1.3.0.tgz#c550b01b59ca5ed2e54ca89b6584a359f167e5d5"
  integrity sha512-rYQ0ESfB+z0t7G95nHH80Zh7Pgg9A0FUYoZqV0yPec5WJZWKIHV2MPYpiJNy8oZAeVqyKwC10WXKSCnUQ5iDVg==

openskill@^4.0.3:
  version "4.0.3"
  resolved "https://registry.yarnpkg.com/openskill/-/openskill-4.0.3.tgz#c8fad9369de8489d2b293fc5000448148a25cb26"
  integrity sha512-3xTWNvCXG78CDqDtAm16n5OaSeGjjx8uWdCimfkaZrC4jDmHNUtJ9x3toiqJ7FAC2O06leeVXg7OI8HvnNaRow==
  dependencies:
    "@types/gaussian" "1.2.2"
    "@types/ramda" "0.30.1"
    gaussian "1.3.0"
    ramda "0.30.1"
    sort-unwind "3.1.0"

ramda@0.30.1:
  version "0.30.1"
  resolved "https://registry.yarnpkg.com/ramda/-/ramda-0.30.1.tgz#7108ac95673062b060025052cd5143ae8fc605bf"
  integrity sha512-tEF5I22zJnuclswcZMc8bDIrwRHRzf+NqVEmqg50ShAZMP7MWeR/RGDthfM/p+BlqvF2fXAzpn8i+SJcYD3alw==

sort-unwind@3.1.0:
  version "3.1.0"
  resolved "https://registry.yarnpkg.com/sort-unwind/-/sort-unwind-3.1.0.tgz#0ce0e1796ee9d39f5a19f25330957ec971ff9b89"
  integrity sha512-9NJPZtqwIHNXBqY3SWZrwd/VU+lFo2i1Q79cuaRpMMkZFuf+Y54XVAADyy/w6r8t409KkNwo6cKaEKM56XaSNQ==

ts-toolbelt@^9.6.0:
  version "9.6.0"
  resolved "https://registry.yarnpkg.com/ts-toolbelt/-/ts-toolbelt-9.6.0.tgz#50a25426cfed500d4a09bd1b3afb6f28879edfd5"
  integrity sha512-nsZd8ZeNUzukXPlJmTBwUAuABDe/9qtVDelJeT/qW0ow3ZS3BsQJtNkan1802aM9Uf68/Y8ljw86Hu0h5IUW3w==

types-ramda@^0.30.1:
  version "0.30.1"
  resolved "https://registry.yarnpkg.com/types-ramda/-/types-ramda-0.30.1.tgz#03d255128e3696aeaac76281ca19949e01dddc78"
  integrity sha512-1HTsf5/QVRmLzcGfldPFvkVsAdi1db1BBKzi7iW3KBUlOICg/nKnFS+jGqDJS3YD8VsWbAh7JiHeBvbsw8RPxA==
  dependencies:
    ts-toolbelt "^9.6.0"
